{
  "pins" : [
    {
      "identity" : "startappsdk-swiftpackage",
      "kind" : "remoteSourceControl",
      "location" : "https://github.com/StartApp-SDK/StartAppSDK-SwiftPackage.git",
      "state" : {
        "revision" : "d0d388f796e6231a15c3fad7c49ca8dfe4373dcf",
        "version" : "4.15.0"
      }
    },
    {
      "identity" : "swift-package-manager-google-mobile-ads",
      "kind" : "remoteSourceControl",
      "location" : "https://github.com/googleads/swift-package-manager-google-mobile-ads.git",
      "state" : {
        "revision" : "d1fa1f5c1dfe3b43d56c73f4de388ad3316618bc",
        "version" : "13.11.0"
      }
    },
    {
      "identity" : "swift-package-manager-google-user-messaging-platform",
      "kind" : "remoteSourceControl",
      "location" : "https://github.com/googleads/swift-package-manager-google-user-messaging-platform.git",
      "state" : {
        "revision" : "3b924ce3313a5fd2fc6a8dc889a8c38f76890fe3",
        "version" : "2.0.0"
      }
    }
  ],
  "version" : 2
}
